
Microsoft Visual Studio Solution File, Format Version 12.00
# Visual Studio 2012
Project("{F2A71F9B-5D33-465A-A702-920D77279786}") = "LambdaJS", "LambdaJS\LambdaJS.fsproj", "{C960CEA4-4CAC-4763-82FA-8583145228AF}"
EndProject
Project("{F2A71F9B-5D33-465A-A702-920D77279786}") = "Main", "Main\Main.fsproj", "{EFBF8A99-E0CF-4378-84B8-19DD6A94B98B}"
EndProject
Project("{F2A71F9B-5D33-465A-A702-920D77279786}") = "Text", "..\Libs\Text\Text.fsproj", "{503812DB-8C04-4A26-B130-CD451538E1AA}"
EndProject
Project("{F2A71F9B-5D33-465A-A702-920D77279786}") = "Utils", "..\Libs\Utils\Utils.fsproj", "{0FB1FFB0-E57D-4C7A-8BFB-3C1148FC8DDB}"
EndProject
Project("{2150E333-8FDC-42A3-9474-1A3956D46DE8}") = "Solution Items", "Solution Items", "{1BF144D6-C994-4E34-B1B5-2BF76D11FB0C}"
	ProjectSection(SolutionItems) = preProject
		TODO.txt = TODO.txt
	EndProjectSection
EndProject
Global
	GlobalSection(SolutionConfigurationPlatforms) = preSolution
		Debug|Any CPU = Debug|Any CPU
		DesugarOnly|Any CPU = DesugarOnly|Any CPU
		Release|Any CPU = Release|Any CPU
	EndGlobalSection
	GlobalSection(ProjectConfigurationPlatforms) = postSolution
		{C960CEA4-4CAC-4763-82FA-8583145228AF}.Debug|Any CPU.ActiveCfg = Debug|Any CPU
		{C960CEA4-4CAC-4763-82FA-8583145228AF}.Debug|Any CPU.Build.0 = Debug|Any CPU
		{C960CEA4-4CAC-4763-82FA-8583145228AF}.DesugarOnly|Any CPU.ActiveCfg = Release|Any CPU
		{C960CEA4-4CAC-4763-82FA-8583145228AF}.DesugarOnly|Any CPU.Build.0 = Release|Any CPU
		{C960CEA4-4CAC-4763-82FA-8583145228AF}.Release|Any CPU.ActiveCfg = Release|Any CPU
		{C960CEA4-4CAC-4763-82FA-8583145228AF}.Release|Any CPU.Build.0 = Release|Any CPU
		{EFBF8A99-E0CF-4378-84B8-19DD6A94B98B}.Debug|Any CPU.ActiveCfg = Debug|Any CPU
		{EFBF8A99-E0CF-4378-84B8-19DD6A94B98B}.Debug|Any CPU.Build.0 = Debug|Any CPU
		{EFBF8A99-E0CF-4378-84B8-19DD6A94B98B}.DesugarOnly|Any CPU.ActiveCfg = DesugarOnly|Any CPU
		{EFBF8A99-E0CF-4378-84B8-19DD6A94B98B}.DesugarOnly|Any CPU.Build.0 = DesugarOnly|Any CPU
		{EFBF8A99-E0CF-4378-84B8-19DD6A94B98B}.Release|Any CPU.ActiveCfg = Release|Any CPU
		{EFBF8A99-E0CF-4378-84B8-19DD6A94B98B}.Release|Any CPU.Build.0 = Release|Any CPU
		{503812DB-8C04-4A26-B130-CD451538E1AA}.Debug|Any CPU.ActiveCfg = Debug|Any CPU
		{503812DB-8C04-4A26-B130-CD451538E1AA}.Debug|Any CPU.Build.0 = Debug|Any CPU
		{503812DB-8C04-4A26-B130-CD451538E1AA}.DesugarOnly|Any CPU.ActiveCfg = Debug|Any CPU
		{503812DB-8C04-4A26-B130-CD451538E1AA}.DesugarOnly|Any CPU.Build.0 = Debug|Any CPU
		{503812DB-8C04-4A26-B130-CD451538E1AA}.Release|Any CPU.ActiveCfg = Release|Any CPU
		{503812DB-8C04-4A26-B130-CD451538E1AA}.Release|Any CPU.Build.0 = Release|Any CPU
		{0FB1FFB0-E57D-4C7A-8BFB-3C1148FC8DDB}.Debug|Any CPU.ActiveCfg = Debug|Any CPU
		{0FB1FFB0-E57D-4C7A-8BFB-3C1148FC8DDB}.Debug|Any CPU.Build.0 = Debug|Any CPU
		{0FB1FFB0-E57D-4C7A-8BFB-3C1148FC8DDB}.DesugarOnly|Any CPU.ActiveCfg = Debug|Any CPU
		{0FB1FFB0-E57D-4C7A-8BFB-3C1148FC8DDB}.DesugarOnly|Any CPU.Build.0 = Debug|Any CPU
		{0FB1FFB0-E57D-4C7A-8BFB-3C1148FC8DDB}.Release|Any CPU.ActiveCfg = Release|Any CPU
		{0FB1FFB0-E57D-4C7A-8BFB-3C1148FC8DDB}.Release|Any CPU.Build.0 = Release|Any CPU
	EndGlobalSection
	GlobalSection(SolutionProperties) = preSolution
		HideSolutionNode = FALSE
	EndGlobalSection
EndGlobal
